// !$*UTF8*$!
{
	archiveVersion = 1;
	classes = {
	};
	objectVersion = 77;
	objects = {

/* Begin PBXBuildFile section */
		F265B58E2DE676A9008B39C2 /* Down in Frameworks */ = {isa = PBXBuildFile; productRef = F265B58D2DE676A9008B39C2 /* Down */; };
/* End PBXBuildFile section */

/* Begin PBXContainerItemProxy section */
		F265B5602DE56CF5008B39C2 /* PBXContainerItemProxy */ = {
			isa = PBXContainerItemProxy;
			containerPortal = F265B5412DE56CF4008B39C2 /* Project object */;
			proxyType = 1;
			remoteGlobalIDString = F265B5482DE56CF4008B39C2;
			remoteInfo = CycleSyncAI;
		};
		F265B56A2DE56CF5008B39C2 /* PBXContainerItemProxy */ = {
			isa = PBXContainerItemProxy;
			containerPortal = F265B5412DE56CF4008B39C2 /* Project object */;
			proxyType = 1;
			remoteGlobalIDString = F265B5482DE56CF4008B39C2;
			remoteInfo = CycleSyncAI;
		};
/* End PBXContainerItemProxy section */

/* Begin PBXFileReference section */
		F265B5492DE56CF4008B39C2 /* CycleSyncAI.app */ = {isa = PBXFileReference; explicitFileType = wrapper.application; includeInIndex = 0; path = CycleSyncAI.app; sourceTree = BUILT_PRODUCTS_DIR; };
		F265B55F2DE56CF5008B39C2 /* CycleSyncAITests.xctest */ = {isa = PBXFileReference; explicitFileType = wrapper.cfbundle; includeInIndex = 0; path = CycleSyncAITests.xctest; sourceTree = BUILT_PRODUCTS_DIR; };
		F265B5692DE56CF5008B39C2 /* CycleSyncAIUITests.xctest */ = {isa = PBXFileReference; explicitFileType = wrapper.cfbundle; includeInIndex = 0; path = CycleSyncAIUITests.xctest; sourceTree = BUILT_PRODUCTS_DIR; };
/* End PBXFileReference section */

/* Begin PBXFileSystemSynchronizedBuildFileExceptionSet section */
		F265B5712DE56CF5008B39C2 /* Exceptions for "CycleSyncAI" folder in "CycleSyncAI" target */ = {
			isa = PBXFileSystemSynchronizedBuildFileExceptionSet;
			membershipExceptions = (
				Info.plist,
			);
			target = F265B5482DE56CF4008B39C2 /* CycleSyncAI */;
		};
/* End PBXFileSystemSynchronizedBuildFileExceptionSet section */

/* Begin PBXFileSystemSynchronizedRootGroup section */
		F265B54B2DE56CF4008B39C2 /* CycleSyncAI */ = {
			isa = PBXFileSystemSynchronizedRootGroup;
			exceptions = (
				F265B5712DE56CF5008B39C2 /* Exceptions for "CycleSyncAI" folder in "CycleSyncAI" target */,
			);
			path = CycleSyncAI;
			sourceTree = "<group>";
		};
		F265B5622DE56CF5008B39C2 /* CycleSyncAITests */ = {
			isa = PBXFileSystemSynchronizedRootGroup;
			path = CycleSyncAITests;
			sourceTree = "<group>";
		};
		F265B56C2DE56CF5008B39C2 /* CycleSyncAIUITests */ = {
			isa = PBXFileSystemSynchronizedRootGroup;
			path = CycleSyncAIUITests;
			sourceTree = "<group>";
		};
/* End PBXFileSystemSynchronizedRootGroup section */

/* Begin PBXFrameworksBuildPhase section */
		F265B5462DE56CF4008B39C2 /* Frameworks */ = {
			isa = PBXFrameworksBuildPhase;
			buildActionMask = 2147483647;
			files = (
				F265B58E2DE676A9008B39C2 /* Down in Frameworks */,
			);
			runOnlyForDeploymentPostprocessing = 0;
		};
		F265B55C2DE56CF5008B39C2 /* Frameworks */ = {
			isa = PBXFrameworksBuildPhase;
			buildActionMask = 2147483647;
			files = (
			);
			runOnlyForDeploymentPostprocessing = 0;
		};
		F265B5662DE56CF5008B39C2 /* Frameworks */ = {
			isa = PBXFrameworksBuildPhase;
			buildActionMask = 2147483647;
			files = (
			);
			runOnlyForDeploymentPostprocessing = 0;
		};
/* End PBXFrameworksBuildPhase section */

/* Begin PBXGroup section */
		F265B5402DE56CF4008B39C2 = {
			isa = PBXGroup;
			children = (
				F265B54B2DE56CF4008B39C2 /* CycleSyncAI */,
				F265B5622DE56CF5008B39C2 /* CycleSyncAITests */,
				F265B56C2DE56CF5008B39C2 /* CycleSyncAIUITests */,
				F265B54A2DE56CF4008B39C2 /* Products */,
			);
			sourceTree = "<group>";
		};
		F265B54A2DE56CF4008B39C2 /* Products */ = {
			isa = PBXGroup;
			children = (
				F265B5492DE56CF4008B39C2 /* CycleSyncAI.app */,
				F265B55F2DE56CF5008B39C2 /* CycleSyncAITests.xctest */,
				F265B5692DE56CF5008B39C2 /* CycleSyncAIUITests.xctest */,
			);
			name = Products;
			sourceTree = "<group>";
		};
/* End PBXGroup section */

/* Begin PBXNativeTarget section */
		F265B5482DE56CF4008B39C2 /* CycleSyncAI */ = {
			isa = PBXNativeTarget;
			buildConfigurationList = F265B5722DE56CF5008B39C2 /* Build configuration list for PBXNativeTarget "CycleSyncAI" */;
			buildPhases = (
				F265B5452DE56CF4008B39C2 /* Sources */,
				F265B5462DE56CF4008B39C2 /* Frameworks */,
				F265B5472DE56CF4008B39C2 /* Resources */,
			);
			buildRules = (
			);
			dependencies = (
			);
			fileSystemSynchronizedGroups = (
				F265B54B2DE56CF4008B39C2 /* CycleSyncAI */,
			);
			name = CycleSyncAI;
			packageProductDependencies = (
				F265B58D2DE676A9008B39C2 /* Down */,
			);
			productName = CycleSyncAI;
			productReference = F265B5492DE56CF4008B39C2 /* CycleSyncAI.app */;
			productType = "com.apple.product-type.application";
		};
		F265B55E2DE56CF5008B39C2 /* CycleSyncAITests */ = {
			isa = PBXNativeTarget;
			buildConfigurationList = F265B5772DE56CF5008B39C2 /* Build configuration list for PBXNativeTarget "CycleSyncAITests" */;
			buildPhases = (
				F265B55B2DE56CF5008B39C2 /* Sources */,
				F265B55C2DE56CF5008B39C2 /* Frameworks */,
				F265B55D2DE56CF5008B39C2 /* Resources */,
			);
			buildRules = (
			);
			dependencies = (
				F265B5612DE56CF5008B39C2 /* PBXTargetDependency */,
			);
			fileSystemSynchronizedGroups = (
				F265B5622DE56CF5008B39C2 /* CycleSyncAITests */,
			);
			name = CycleSyncAITests;
			packageProductDependencies = (
			);
			productName = CycleSyncAITests;
			productReference = F265B55F2DE56CF5008B39C2 /* CycleSyncAITests.xctest */;
			productType = "com.apple.product-type.bundle.unit-test";
		};
		F265B5682DE56CF5008B39C2 /* CycleSyncAIUITests */ = {
			isa = PBXNativeTarget;
			buildConfigurationList = F265B57A2DE56CF5008B39C2 /* Build configuration list for PBXNativeTarget "CycleSyncAIUITests" */;
			buildPhases = (
				F265B5652DE56CF5008B39C2 /* Sources */,
				F265B5662DE56CF5008B39C2 /* Frameworks */,
				F265B5672DE56CF5008B39C2 /* Resources */,
			);
			buildRules = (
			);
			dependencies = (
				F265B56B2DE56CF5008B39C2 /* PBXTargetDependency */,
			);
			fileSystemSynchronizedGroups = (
				F265B56C2DE56CF5008B39C2 /* CycleSyncAIUITests */,
			);
			name = CycleSyncAIUITests;
			packageProductDependencies = (
			);
			productName = CycleSyncAIUITests;
			productReference = F265B5692DE56CF5008B39C2 /* CycleSyncAIUITests.xctest */;
			productType = "com.apple.product-type.bundle.ui-testing";
		};
/* End PBXNativeTarget section */

/* Begin PBXProject section */
		F265B5412DE56CF4008B39C2 /* Project object */ = {
			isa = PBXProject;
			attributes = {
				BuildIndependentTargetsInParallel = 1;
				LastSwiftUpdateCheck = 1620;
				LastUpgradeCheck = 1620;
				TargetAttributes = {
					F265B5482DE56CF4008B39C2 = {
						CreatedOnToolsVersion = 16.2;
					};
					F265B55E2DE56CF5008B39C2 = {
						CreatedOnToolsVersion = 16.2;
						TestTargetID = F265B5482DE56CF4008B39C2;
					};
					F265B5682DE56CF5008B39C2 = {
						CreatedOnToolsVersion = 16.2;
						TestTargetID = F265B5482DE56CF4008B39C2;
					};
				};
			};
			buildConfigurationList = F265B5442DE56CF4008B39C2 /* Build configuration list for PBXProject "CycleSyncAI" */;
			developmentRegion = en;
			hasScannedForEncodings = 0;
			knownRegions = (
				en,
				Base,
			);
			mainGroup = F265B5402DE56CF4008B39C2;
			minimizedProjectReferenceProxies = 1;
			packageReferences = (
				F265B58C2DE676A9008B39C2 /* XCRemoteSwiftPackageReference "Down" */,
			);
			preferredProjectObjectVersion = 77;
			productRefGroup = F265B54A2DE56CF4008B39C2 /* Products */;
			projectDirPath = "";
			projectRoot = "";
			targets = (
				F265B5482DE56CF4008B39C2 /* CycleSyncAI */,
				F265B55E2DE56CF5008B39C2 /* CycleSyncAITests */,
				F265B5682DE56CF5008B39C2 /* CycleSyncAIUITests */,
			);
		};
/* End PBXProject section */

/* Begin PBXResourcesBuildPhase section */
		F265B5472DE56CF4008B39C2 /* Resources */ = {
			isa = PBXResourcesBuildPhase;
			buildActionMask = 2147483647;
			files = (
			);
			runOnlyForDeploymentPostprocessing = 0;
		};
		F265B55D2DE56CF5008B39C2 /* Resources */ = {
			isa = PBXResourcesBuildPhase;
			buildActionMask = 2147483647;
			files = (
			);
			runOnlyForDeploymentPostprocessing = 0;
		};
		F265B5672DE56CF5008B39C2 /* Resources */ = {
			isa = PBXResourcesBuildPhase;
			buildActionMask = 2147483647;
			files = (
			);
			runOnlyForDeploymentPostprocessing = 0;
		};
/* End PBXResourcesBuildPhase section */

/* Begin PBXSourcesBuildPhase section */
		F265B5452DE56CF4008B39C2 /* Sources */ = {
			isa = PBXSourcesBuildPhase;
			buildActionMask = 2147483647;
			files = (
			);
			runOnlyForDeploymentPostprocessing = 0;
		};
		F265B55B2DE56CF5008B39C2 /* Sources */ = {
			isa = PBXSourcesBuildPhase;
			buildActionMask = 2147483647;
			files = (
			);
			runOnlyForDeploymentPostprocessing = 0;
		};
		F265B5652DE56CF5008B39C2 /* Sources */ = {
			isa = PBXSourcesBuildPhase;
			buildActionMask = 2147483647;
			files = (
			);
			runOnlyForDeploymentPostprocessing = 0;
		};
/* End PBXSourcesBuildPhase section */

/* Begin PBXTargetDependency section */
		F265B5612DE56CF5008B39C2 /* PBXTargetDependency */ = {
			isa = PBXTargetDependency;
			target = F265B5482DE56CF4008B39C2 /* CycleSyncAI */;
			targetProxy = F265B5602DE56CF5008B39C2 /* PBXContainerItemProxy */;
		};
		F265B56B2DE56CF5008B39C2 /* PBXTargetDependency */ = {
			isa = PBXTargetDependency;
			target = F265B5482DE56CF4008B39C2 /* CycleSyncAI */;
			targetProxy = F265B56A2DE56CF5008B39C2 /* PBXContainerItemProxy */;
		};
/* End PBXTargetDependency section */

/* Begin XCBuildConfiguration section */
		F265B5732DE56CF5008B39C2 /* Debug */ = {
			isa = XCBuildConfiguration;
			buildSettings = {
				ASSETCATALOG_COMPILER_APPICON_NAME = AppIcon;
				ASSETCATALOG_COMPILER_GLOBAL_ACCENT_COLOR_NAME = AccentColor;
				ASSETCATALOG_COMPILER_INCLUDE_ALL_APPICON_ASSETS = YES;
				CODE_SIGN_ENTITLEMENTS = CycleSyncAI/CycleSyncAI.entitlements;
				CODE_SIGN_STYLE = Automatic;
				CURRENT_PROJECT_VERSION = 1;
				DEVELOPMENT_TEAM = CKQQTCNCBQ;
				GENERATE_INFOPLIST_FILE = YES;
				INFOPLIST_FILE = CycleSyncAI/Info.plist;
				INFOPLIST_KEY_UIApplicationSupportsIndirectInputEvents = YES;
				INFOPLIST_KEY_UILaunchStoryboardName = LaunchScreen;
				INFOPLIST_KEY_UIMainStoryboardFile = Main;
				INFOPLIST_KEY_UISupportedInterfaceOrientations_iPad = "UIInterfaceOrientationPortrait UIInterfaceOrientationPortraitUpsideDown UIInterfaceOrientationLandscapeLeft UIInterfaceOrientationLandscapeRight";
				INFOPLIST_KEY_UISupportedInterfaceOrientations_iPhone = "UIInterfaceOrientationPortrait UIInterfaceOrientationLandscapeLeft UIInterfaceOrientationLandscapeRight";
				LD_RUNPATH_SEARCH_PATHS = (
					"$(inherited)",
					"@executable_path/Frameworks",
				);
				MARKETING_VERSION = 1.0;
				PRODUCT_BUNDLE_IDENTIFIER = com.medhinisridharr.CycleSyncAI;
				PRODUCT_NAME = "$(TARGET_NAME)";
				SWIFT_EMIT_LOC_STRINGS = YES;
				SWIFT_VERSION = 5.0;
				TARGETED_DEVICE_FAMILY = "1,2";
			};
			name = Debug;
		};
		F265B5742DE56CF5008B39C2 /* Release */ = {
			isa = XCBuildConfiguration;
			buildSettings = {
				ASSETCATALOG_COMPILER_APPICON_NAME = AppIcon;
				ASSETCATALOG_COMPILER_GLOBAL_ACCENT_COLOR_NAME = AccentColor;
				ASSETCATALOG_COMPILER_INCLUDE_ALL_APPICON_ASSETS = YES;
				CODE_SIGN_ENTITLEMENTS = CycleSyncAI/CycleSyncAI.entitlements;
				CODE_SIGN_STYLE = Automatic;
				CURRENT_PROJECT_VERSION = 1;
				DEVELOPMENT_TEAM = CKQQTCNCBQ;
				GENERATE_INFOPLIST_FILE = YES;
				INFOPLIST_FILE = CycleSyncAI/Info.plist;
				INFOPLIST_KEY_UIApplicationSupportsIndirectInputEvents = YES;
				INFOPLIST_KEY_UILaunchStoryboardName = LaunchScreen;
				INFOPLIST_KEY_UIMainStoryboardFile = Main;
				INFOPLIST_KEY_UISupportedInterfaceOrientations_iPad = "UIInterfaceOrientationPortrait UIInterfaceOrientationPortraitUpsideDown UIInterfaceOrientationLandscapeLeft UIInterfaceOrientationLandscapeRight";
				INFOPLIST_KEY_UISupportedInterfaceOrientations_iPhone = "UIInterfaceOrientationPortrait UIInterfaceOrientationLandscapeLeft UIInterfaceOrientationLandscapeRight";
				LD_RUNPATH_SEARCH_PATHS = (
					"$(inherited)",
					"@executable_path/Frameworks",
				);
				MARKETING_VERSION = 1.0;
				PRODUCT_BUNDLE_IDENTIFIER = com.medhinisridharr.CycleSyncAI;
				PRODUCT_NAME = "$(TARGET_NAME)";
				SWIFT_EMIT_LOC_STRINGS = YES;
				SWIFT_VERSION = 5.0;
				TARGETED_DEVICE_FAMILY = "1,2";
			};
			name = Release;
		};
		F265B5752DE56CF5008B39C2 /* Debug */ = {
			isa = XCBuildConfiguration;
			buildSettings = {
				ALWAYS_SEARCH_USER_PATHS = NO;
				ASSETCATALOG_COMPILER_GENERATE_SWIFT_ASSET_SYMBOL_EXTENSIONS = YES;
				CLANG_ANALYZER_NONNULL = YES;
				CLANG_ANALYZER_NUMBER_OBJECT_CONVERSION = YES_AGGRESSIVE;
				CLANG_CXX_LANGUAGE_STANDARD = "gnu++20";
				CLANG_ENABLE_MODULES = YES;
				CLANG_ENABLE_OBJC_ARC = YES;
				CLANG_ENABLE_OBJC_WEAK = YES;
				CLANG_WARN_BLOCK_CAPTURE_AUTORELEASING = YES;
				CLANG_WARN_BOOL_CONVERSION = YES;
				CLANG_WARN_COMMA = YES;
				CLANG_WARN_CONSTANT_CONVERSION = YES;
				CLANG_WARN_DEPRECATED_OBJC_IMPLEMENTATIONS = YES;
				CLANG_WARN_DIRECT_OBJC_ISA_USAGE = YES_ERROR;
				CLANG_WARN_DOCUMENTATION_COMMENTS = YES;
				CLANG_WARN_EMPTY_BODY = YES;
				CLANG_WARN_ENUM_CONVERSION = YES;
				CLANG_WARN_INFINITE_RECURSION = YES;
				CLANG_WARN_INT_CONVERSION = YES;
				CLANG_WARN_NON_LITERAL_NULL_CONVERSION = YES;
				CLANG_WARN_OBJC_IMPLICIT_RETAIN_SELF = YES;
				CLANG_WARN_OBJC_LITERAL_CONVERSION = YES;
				CLANG_WARN_OBJC_ROOT_CLASS = YES_ERROR;
				CLANG_WARN_QUOTED_INCLUDE_IN_FRAMEWORK_HEADER = YES;
				CLANG_WARN_RANGE_LOOP_ANALYSIS = YES;
				CLANG_WARN_STRICT_PROTOTYPES = YES;
				CLANG_WARN_SUSPICIOUS_MOVE = YES;
				CLANG_WARN_UNGUARDED_AVAILABILITY = YES_AGGRESSIVE;
				CLANG_WARN_UNREACHABLE_CODE = YES;
				CLANG_WARN__DUPLICATE_METHOD_MATCH = YES;
				COPY_PHASE_STRIP = NO;
				DEBUG_INFORMATION_FORMAT = dwarf;
				ENABLE_STRICT_OBJC_MSGSEND = YES;
				ENABLE_TESTABILITY = YES;
				ENABLE_USER_SCRIPT_SANDBOXING = YES;
				GCC_C_LANGUAGE_STANDARD = gnu17;
				GCC_DYNAMIC_NO_PIC = NO;
				GCC_NO_COMMON_BLOCKS = YES;
				GCC_OPTIMIZATION_LEVEL = 0;
				GCC_PREPROCESSOR_DEFINITIONS = (
					"DEBUG=1",
					"$(inherited)",
				);
				GCC_WARN_64_TO_32_BIT_CONVERSION = YES;
				GCC_WARN_ABOUT_RETURN_TYPE = YES_ERROR;
				GCC_WARN_UNDECLARED_SELECTOR = YES;
				GCC_WARN_UNINITIALIZED_AUTOS = YES_AGGRESSIVE;
				GCC_WARN_UNUSED_FUNCTION = YES;
				GCC_WARN_UNUSED_VARIABLE = YES;
				IPHONEOS_DEPLOYMENT_TARGET = 18.2;
				LOCALIZATION_PREFERS_STRING_CATALOGS = YES;
				MTL_ENABLE_DEBUG_INFO = INCLUDE_SOURCE;
				MTL_FAST_MATH = YES;
				ONLY_ACTIVE_ARCH = YES;
				SDKROOT = iphoneos;
				SWIFT_ACTIVE_COMPILATION_CONDITIONS = "DEBUG $(inherited)";
				SWIFT_OPTIMIZATION_LEVEL = "-Onone";
			};
			name = Debug;
		};
		F265B5762DE56CF5008B39C2 /* Release */ = {
			isa = XCBuildConfiguration;
			buildSettings = {
				ALWAYS_SEARCH_USER_PATHS = NO;
				ASSETCATALOG_COMPILER_GENERATE_SWIFT_ASSET_SYMBOL_EXTENSIONS = YES;
				CLANG_ANALYZER_NONNULL = YES;
				CLANG_ANALYZER_NUMBER_OBJECT_CONVERSION = YES_AGGRESSIVE;
				CLANG_CXX_LANGUAGE_STANDARD = "gnu++20";
				CLANG_ENABLE_MODULES = YES;
				CLANG_ENABLE_OBJC_ARC = YES;
				CLANG_ENABLE_OBJC_WEAK = YES;
				CLANG_WARN_BLOCK_CAPTURE_AUTORELEASING = YES;
				CLANG_WARN_BOOL_CONVERSION = YES;
				CLANG_WARN_COMMA = YES;
				CLANG_WARN_CONSTANT_CONVERSION = YES;
				CLANG_WARN_DEPRECATED_OBJC_IMPLEMENTATIONS = YES;
				CLANG_WARN_DIRECT_OBJC_ISA_USAGE = YES_ERROR;
				CLANG_WARN_DOCUMENTATION_COMMENTS = YES;
				CLANG_WARN_EMPTY_BODY = YES;
				CLANG_WARN_ENUM_CONVERSION = YES;
				CLANG_WARN_INFINITE_RECURSION = YES;
				CLANG_WARN_INT_CONVERSION = YES;
				CLANG_WARN_NON_LITERAL_NULL_CONVERSION = YES;
				CLANG_WARN_OBJC_IMPLICIT_RETAIN_SELF = YES;
				CLANG_WARN_OBJC_LITERAL_CONVERSION = YES;
				CLANG_WARN_OBJC_ROOT_CLASS = YES_ERROR;
				CLANG_WARN_QUOTED_INCLUDE_IN_FRAMEWORK_HEADER = YES;
				CLANG_WARN_RANGE_LOOP_ANALYSIS = YES;
				CLANG_WARN_STRICT_PROTOTYPES = YES;
				CLANG_WARN_SUSPICIOUS_MOVE = YES;
				CLANG_WARN_UNGUARDED_AVAILABILITY = YES_AGGRESSIVE;
				CLANG_WARN_UNREACHABLE_CODE = YES;
				CLANG_WARN__DUPLICATE_METHOD_MATCH = YES;
				COPY_PHASE_STRIP = NO;
				DEBUG_INFORMATION_FORMAT = "dwarf-with-dsym";
				ENABLE_NS_ASSERTIONS = NO;
				ENABLE_STRICT_OBJC_MSGSEND = YES;
				ENABLE_USER_SCRIPT_SANDBOXING = YES;
				GCC_C_LANGUAGE_STANDARD = gnu17;
				GCC_NO_COMMON_BLOCKS = YES;
				GCC_WARN_64_TO_32_BIT_CONVERSION = YES;
				GCC_WARN_ABOUT_RETURN_TYPE = YES_ERROR;
				GCC_WARN_UNDECLARED_SELECTOR = YES;
				GCC_WARN_UNINITIALIZED_AUTOS = YES_AGGRESSIVE;
				GCC_WARN_UNUSED_FUNCTION = YES;
				GCC_WARN_UNUSED_VARIABLE = YES;
				IPHONEOS_DEPLOYMENT_TARGET = 18.2;
				LOCALIZATION_PREFERS_STRING_CATALOGS = YES;
				MTL_ENABLE_DEBUG_INFO = NO;
				MTL_FAST_MATH = YES;
				SDKROOT = iphoneos;
				SWIFT_COMPILATION_MODE = wholemodule;
				VALIDATE_PRODUCT = YES;
			};
			name = Release;
		};
		F265B5782DE56CF5008B39C2 /* Debug */ = {
			isa = XCBuildConfiguration;
			buildSettings = {
				BUNDLE_LOADER = "$(TEST_HOST)";
				CODE_SIGN_STYLE = Automatic;
				CURRENT_PROJECT_VERSION = 1;
				DEVELOPMENT_TEAM = CKQQTCNCBQ;
				GENERATE_INFOPLIST_FILE = YES;
				IPHONEOS_DEPLOYMENT_TARGET = 18.2;
				MARKETING_VERSION = 1.0;
				PRODUCT_BUNDLE_IDENTIFIER = com.medhinisridharr.CycleSyncAITests;
				PRODUCT_NAME = "$(TARGET_NAME)";
				SWIFT_EMIT_LOC_STRINGS = NO;
				SWIFT_VERSION = 5.0;
				TARGETED_DEVICE_FAMILY = "1,2";
				TEST_HOST = "$(BUILT_PRODUCTS_DIR)/CycleSyncAI.app/$(BUNDLE_EXECUTABLE_FOLDER_PATH)/CycleSyncAI";
			};
			name = Debug;
		};
		F265B5792DE56CF5008B39C2 /* Release */ = {
			isa = XCBuildConfiguration;
			buildSettings = {
				BUNDLE_LOADER = "$(TEST_HOST)";
				CODE_SIGN_STYLE = Automatic;
				CURRENT_PROJECT_VERSION = 1;
				DEVELOPMENT_TEAM = CKQQTCNCBQ;
				GENERATE_INFOPLIST_FILE = YES;
				IPHONEOS_DEPLOYMENT_TARGET = 18.2;
				MARKETING_VERSION = 1.0;
				PRODUCT_BUNDLE_IDENTIFIER = com.medhinisridharr.CycleSyncAITests;
				PRODUCT_NAME = "$(TARGET_NAME)";
				SWIFT_EMIT_LOC_STRINGS = NO;
				SWIFT_VERSION = 5.0;
				TARGETED_DEVICE_FAMILY = "1,2";
				TEST_HOST = "$(BUILT_PRODUCTS_DIR)/CycleSyncAI.app/$(BUNDLE_EXECUTABLE_FOLDER_PATH)/CycleSyncAI";
			};
			name = Release;
		};
		F265B57B2DE56CF5008B39C2 /* Debug */ = {
			isa = XCBuildConfiguration;
			buildSettings = {
				CODE_SIGN_STYLE = Automatic;
				CURRENT_PROJECT_VERSION = 1;
				DEVELOPMENT_TEAM = CKQQTCNCBQ;
				GENERATE_INFOPLIST_FILE = YES;
				MARKETING_VERSION = 1.0;
				PRODUCT_BUNDLE_IDENTIFIER = com.medhinisridharr.CycleSyncAIUITests;
				PRODUCT_NAME = "$(TARGET_NAME)";
				SWIFT_EMIT_LOC_STRINGS = NO;
				SWIFT_VERSION = 5.0;
				TARGETED_DEVICE_FAMILY = "1,2";
				TEST_TARGET_NAME = CycleSyncAI;
			};
			name = Debug;
		};
		F265B57C2DE56CF5008B39C2 /* Release */ = {
			isa = XCBuildConfiguration;
			buildSettings = {
				CODE_SIGN_STYLE = Automatic;
				CURRENT_PROJECT_VERSION = 1;
				DEVELOPMENT_TEAM = CKQQTCNCBQ;
				GENERATE_INFOPLIST_FILE = YES;
				MARKETING_VERSION = 1.0;
				PRODUCT_BUNDLE_IDENTIFIER = com.medhinisridharr.CycleSyncAIUITests;
				PRODUCT_NAME = "$(TARGET_NAME)";
				SWIFT_EMIT_LOC_STRINGS = NO;
				SWIFT_VERSION = 5.0;
				TARGETED_DEVICE_FAMILY = "1,2";
				TEST_TARGET_NAME = CycleSyncAI;
			};
			name = Release;
		};
/* End XCBuildConfiguration section */

/* Begin XCConfigurationList section */
		F265B5442DE56CF4008B39C2 /* Build configuration list for PBXProject "CycleSyncAI" */ = {
			isa = XCConfigurationList;
			buildConfigurations = (
				F265B5752DE56CF5008B39C2 /* Debug */,
				F265B5762DE56CF5008B39C2 /* Release */,
			);
			defaultConfigurationIsVisible = 0;
			defaultConfigurationName = Release;
		};
		F265B5722DE56CF5008B39C2 /* Build configuration list for PBXNativeTarget "CycleSyncAI" */ = {
			isa = XCConfigurationList;
			buildConfigurations = (
				F265B5732DE56CF5008B39C2 /* Debug */,
				F265B5742DE56CF5008B39C2 /* Release */,
			);
			defaultConfigurationIsVisible = 0;
			defaultConfigurationName = Release;
		};
		F265B5772DE56CF5008B39C2 /* Build configuration list for PBXNativeTarget "CycleSyncAITests" */ = {
			isa = XCConfigurationList;
			buildConfigurations = (
				F265B5782DE56CF5008B39C2 /* Debug */,
				F265B5792DE56CF5008B39C2 /* Release */,
			);
			defaultConfigurationIsVisible = 0;
			defaultConfigurationName = Release;
		};
		F265B57A2DE56CF5008B39C2 /* Build configuration list for PBXNativeTarget "CycleSyncAIUITests" */ = {
			isa = XCConfigurationList;
			buildConfigurations = (
				F265B57B2DE56CF5008B39C2 /* Debug */,
				F265B57C2DE56CF5008B39C2 /* Release */,
			);
			defaultConfigurationIsVisible = 0;
			defaultConfigurationName = Release;
		};
/* End XCConfigurationList section */

/* Begin XCRemoteSwiftPackageReference section */
		F265B58C2DE676A9008B39C2 /* XCRemoteSwiftPackageReference "Down" */ = {
			isa = XCRemoteSwiftPackageReference;
			repositoryURL = "https://github.com/iwasrobbed/Down";
			requirement = {
				branch = master;
				kind = branch;
			};
		};
/* End XCRemoteSwiftPackageReference section */

/* Begin XCSwiftPackageProductDependency section */
		F265B58D2DE676A9008B39C2 /* Down */ = {
			isa = XCSwiftPackageProductDependency;
			package = F265B58C2DE676A9008B39C2 /* XCRemoteSwiftPackageReference "Down" */;
			productName = Down;
		};
/* End XCSwiftPackageProductDependency section */
	};
	rootObject = F265B5412DE56CF4008B39C2 /* Project object */;
}
